
Microsoft Visual Studio Solution File, Format Version 12.00
# Visual Studio Version 17
VisualStudioVersion = 17.14.36401.2 d17.14
MinimumVisualStudioVersion = 10.0.40219.1
Project("{FAE04EC0-301F-11D3-BF4B-00C04F79EFBC}") = "DSA Final", "DSA Final\DSA Final.csproj", "{DA90E6B4-B9E6-4A7F-9667-1F1AB8D3EEB9}"
EndProject
Global
	GlobalSection(SolutionConfigurationPlatforms) = preSolution
		Debug|Any CPU = Debug|Any CPU
		Release|Any CPU = Release|Any CPU
	EndGlobalSection
	GlobalSection(ProjectConfigurationPlatforms) = postSolution
		{DA90E6B4-B9E6-4A7F-9667-1F1AB8D3EEB9}.Debug|Any CPU.ActiveCfg = Debug|Any CPU
		{DA90E6B4-B9E6-4A7F-9667-1F1AB8D3EEB9}.Debug|Any CPU.Build.0 = Debug|Any CPU
		{DA90E6B4-B9E6-4A7F-9667-1F1AB8D3EEB9}.Release|Any CPU.ActiveCfg = Release|Any CPU
		{DA90E6B4-B9E6-4A7F-9667-1F1AB8D3EEB9}.Release|Any CPU.Build.0 = Release|Any CPU
	EndGlobalSection
	GlobalSection(SolutionProperties) = preSolution
		HideSolutionNode = FALSE
	EndGlobalSection
	GlobalSection(ExtensibilityGlobals) = postSolution
		SolutionGuid = {A4898881-A3D3-4839-9B0B-43F888F0C5E2}
	EndGlobalSection
EndGlobal
